
Microsoft Visual Studio Solution File, Format Version 12.00
# Visual Studio 14
VisualStudioVersion = 14.0.25420.1
MinimumVisualStudioVersion = 10.0.40219.1
Project("{FAE04EC0-301F-11D3-BF4B-00C04F79EFBC}") = "QuanLiSach", "QuanLiSach.csproj", "{69598B6C-F078-4259-819B-3F4A8E7F25A2}"
EndProject
Project("{FAE04EC0-301F-11D3-BF4B-00C04F79EFBC}") = "DAO", "DAO\DAO.csproj", "{9B1678D3-9546-426D-B645-D6602A9951F2}"
EndProject
Project("{FAE04EC0-301F-11D3-BF4B-00C04F79EFBC}") = "DTO", "DTO\DTO.csproj", "{EEC65F89-00D8-4454-A152-36368DFC81E6}"
EndProject
Project("{FAE04EC0-301F-11D3-BF4B-00C04F79EFBC}") = "BUS", "BUS\BUS.csproj", "{155DC3CA-E902-4853-A415-AE416E6C8526}"
EndProject
Global
	GlobalSection(SolutionConfigurationPlatforms) = preSolution
		Debug|Any CPU = Debug|Any CPU
		Release|Any CPU = Release|Any CPU
	EndGlobalSection
	GlobalSection(ProjectConfigurationPlatforms) = postSolution
		{69598B6C-F078-4259-819B-3F4A8E7F25A2}.Debug|Any CPU.ActiveCfg = Debug|Any CPU
		{69598B6C-F078-4259-819B-3F4A8E7F25A2}.Debug|Any CPU.Build.0 = Debug|Any CPU
		{69598B6C-F078-4259-819B-3F4A8E7F25A2}.Release|Any CPU.ActiveCfg = Release|Any CPU
		{69598B6C-F078-4259-819B-3F4A8E7F25A2}.Release|Any CPU.Build.0 = Release|Any CPU
		{9B1678D3-9546-426D-B645-D6602A9951F2}.Debug|Any CPU.ActiveCfg = Debug|Any CPU
		{9B1678D3-9546-426D-B645-D6602A9951F2}.Debug|Any CPU.Build.0 = Debug|Any CPU
		{9B1678D3-9546-426D-B645-D6602A9951F2}.Release|Any CPU.ActiveCfg = Release|Any CPU
		{9B1678D3-9546-426D-B645-D6602A9951F2}.Release|Any CPU.Build.0 = Release|Any CPU
		{EEC65F89-00D8-4454-A152-36368DFC81E6}.Debug|Any CPU.ActiveCfg = Debug|Any CPU
		{EEC65F89-00D8-4454-A152-36368DFC81E6}.Debug|Any CPU.Build.0 = Debug|Any CPU
		{EEC65F89-00D8-4454-A152-36368DFC81E6}.Release|Any CPU.ActiveCfg = Release|Any CPU
		{EEC65F89-00D8-4454-A152-36368DFC81E6}.Release|Any CPU.Build.0 = Release|Any CPU
		{155DC3CA-E902-4853-A415-AE416E6C8526}.Debug|Any CPU.ActiveCfg = Debug|Any CPU
		{155DC3CA-E902-4853-A415-AE416E6C8526}.Debug|Any CPU.Build.0 = Debug|Any CPU
		{155DC3CA-E902-4853-A415-AE416E6C8526}.Release|Any CPU.ActiveCfg = Release|Any CPU
		{155DC3CA-E902-4853-A415-AE416E6C8526}.Release|Any CPU.Build.0 = Release|Any CPU
	EndGlobalSection
	GlobalSection(SolutionProperties) = preSolution
		HideSolutionNode = FALSE
	EndGlobalSection
EndGlobal
